Microsoft Visual Studio Solution File, Format Version 12.00
# Visual Studio Version 17
VisualStudioVersion = 17.5.2.0
MinimumVisualStudioVersion = 10.0.40219.1
Project("{FAE04EC0-301F-11D3-BF4B-00C04F79EFBC}") = "TerrariumController", "TerrariumController\TerrariumController.csproj", "{DA58190C-7B22-5FB1-E84B-8E124427AA20}"
EndProject
Global
	GlobalSection(SolutionConfigurationPlatforms) = preSolution
		Debug|Any CPU = Debug|Any CPU
		Release|Any CPU = Release|Any CPU
	EndGlobalSection
	GlobalSection(ProjectConfigurationPlatforms) = postSolution
		{DA58190C-7B22-5FB1-E84B-8E124427AA20}.Debug|Any CPU.ActiveCfg = Debug|Any CPU
		{DA58190C-7B22-5FB1-E84B-8E124427AA20}.Debug|Any CPU.Build.0 = Debug|Any CPU
		{DA58190C-7B22-5FB1-E84B-8E124427AA20}.Release|Any CPU.ActiveCfg = Release|Any CPU
		{DA58190C-7B22-5FB1-E84B-8E124427AA20}.Release|Any CPU.Build.0 = Release|Any CPU
	EndGlobalSection
	GlobalSection(SolutionProperties) = preSolution
		HideSolutionNode = FALSE
	EndGlobalSection
	GlobalSection(ExtensibilityGlobals) = postSolution
		SolutionGuid = {75E7A93F-FE6B-43DA-894C-69BA5FA6C73B}
	EndGlobalSection
EndGlobal
